
Microsoft Visual Studio Solution File, Format Version 12.00
# Visual Studio 2012
Project("{FAE04EC0-301F-11D3-BF4B-00C04F79EFBC}") = "Blood Bank", "Blood Bank\Blood Bank.csproj", "{B4D3CFA3-C433-4048-BA13-5FA6A7E7148F}"
EndProject
Global
	GlobalSection(SolutionConfigurationPlatforms) = preSolution
		Debug|Any CPU = Debug|Any CPU
		Release|Any CPU = Release|Any CPU
	EndGlobalSection
	GlobalSection(ProjectConfigurationPlatforms) = postSolution
		{B4D3CFA3-C433-4048-BA13-5FA6A7E7148F}.Debug|Any CPU.ActiveCfg = Debug|Any CPU
		{B4D3CFA3-C433-4048-BA13-5FA6A7E7148F}.Debug|Any CPU.Build.0 = Debug|Any CPU
		{B4D3CFA3-C433-4048-BA13-5FA6A7E7148F}.Release|Any CPU.ActiveCfg = Release|Any CPU
		{B4D3CFA3-C433-4048-BA13-5FA6A7E7148F}.Release|Any CPU.Build.0 = Release|Any CPU
	EndGlobalSection
	GlobalSection(SolutionProperties) = preSolution
		HideSolutionNode = FALSE
	EndGlobalSection
EndGlobal
